
Microsoft Visual Studio Solution File, Format Version 12.00
# Visual Studio 15
VisualStudioVersion = 15.0.26730.8
MinimumVisualStudioVersion = 10.0.40219.1
Project("{FAE04EC0-301F-11D3-BF4B-00C04F79EFBC}") = "Eos.SCM", "Eos.SCM\Eos.SCM.csproj", "{3134F646-7C3B-4EF0-9E2D-8CF7D25302DE}"
EndProject
Global
	GlobalSection(SolutionConfigurationPlatforms) = preSolution
		Debug|Any CPU = Debug|Any CPU
		Release|Any CPU = Release|Any CPU
	EndGlobalSection
	GlobalSection(ProjectConfigurationPlatforms) = postSolution
		{3134F646-7C3B-4EF0-9E2D-8CF7D25302DE}.Debug|Any CPU.ActiveCfg = Debug|Any CPU
		{3134F646-7C3B-4EF0-9E2D-8CF7D25302DE}.Debug|Any CPU.Build.0 = Debug|Any CPU
		{3134F646-7C3B-4EF0-9E2D-8CF7D25302DE}.Release|Any CPU.ActiveCfg = Release|Any CPU
		{3134F646-7C3B-4EF0-9E2D-8CF7D25302DE}.Release|Any CPU.Build.0 = Release|Any CPU
	EndGlobalSection
	GlobalSection(SolutionProperties) = preSolution
		HideSolutionNode = FALSE
	EndGlobalSection
	GlobalSection(ExtensibilityGlobals) = postSolution
		SolutionGuid = {52FFA316-1169-444A-8BAB-C3BB8A0E0C21}
	EndGlobalSection
EndGlobal
